Microsoft Visual Studio Solution File, Format Version 12.00
# Visual Studio Version 17
VisualStudioVersion = 17.5.2.0
MinimumVisualStudioVersion = 10.0.40219.1
Project("{FAE04EC0-301F-11D3-BF4B-00C04F79EFBC}") = "ejercisio1", "ejercisio1.csproj", "{211081CD-E93F-8966-00C7-D17B4CAD14BA}"
EndProject
Global
	GlobalSection(SolutionConfigurationPlatforms) = preSolution
		Debug|Any CPU = Debug|Any CPU
		Release|Any CPU = Release|Any CPU
	EndGlobalSection
	GlobalSection(ProjectConfigurationPlatforms) = postSolution
		{211081CD-E93F-8966-00C7-D17B4CAD14BA}.Debug|Any CPU.ActiveCfg = Debug|Any CPU
		{211081CD-E93F-8966-00C7-D17B4CAD14BA}.Debug|Any CPU.Build.0 = Debug|Any CPU
		{211081CD-E93F-8966-00C7-D17B4CAD14BA}.Release|Any CPU.ActiveCfg = Release|Any CPU
		{211081CD-E93F-8966-00C7-D17B4CAD14BA}.Release|Any CPU.Build.0 = Release|Any CPU
	EndGlobalSection
	GlobalSection(SolutionProperties) = preSolution
		HideSolutionNode = FALSE
	EndGlobalSection
	GlobalSection(ExtensibilityGlobals) = postSolution
		SolutionGuid = {119D3BE0-B816-486A-9B8A-D0A685A92056}
	EndGlobalSection
EndGlobal
