Microsoft Visual Studio Solution File, Format Version 12.00
# Visual Studio Version 17
VisualStudioVersion = 17.5.2.0
MinimumVisualStudioVersion = 10.0.40219.1
Project("{FAE04EC0-301F-11D3-BF4B-00C04F79EFBC}") = "Beta", "Beta.csproj", "{8E69885B-7890-FE55-E8F9-1F6EF63A9B97}"
EndProject
Global
	GlobalSection(SolutionConfigurationPlatforms) = preSolution
		Debug|Any CPU = Debug|Any CPU
		Release|Any CPU = Release|Any CPU
	EndGlobalSection
	GlobalSection(ProjectConfigurationPlatforms) = postSolution
		{8E69885B-7890-FE55-E8F9-1F6EF63A9B97}.Debug|Any CPU.ActiveCfg = Debug|Any CPU
		{8E69885B-7890-FE55-E8F9-1F6EF63A9B97}.Debug|Any CPU.Build.0 = Debug|Any CPU
		{8E69885B-7890-FE55-E8F9-1F6EF63A9B97}.Release|Any CPU.ActiveCfg = Release|Any CPU
		{8E69885B-7890-FE55-E8F9-1F6EF63A9B97}.Release|Any CPU.Build.0 = Release|Any CPU
	EndGlobalSection
	GlobalSection(SolutionProperties) = preSolution
		HideSolutionNode = FALSE
	EndGlobalSection
	GlobalSection(ExtensibilityGlobals) = postSolution
		SolutionGuid = {1D31217B-B6FA-4ED6-8C57-B0DB56894D84}
	EndGlobalSection
EndGlobal
