Microsoft Visual Studio Solution File, Format Version 12.00
# Visual Studio Version 17
VisualStudioVersion = 17.5.2.0
MinimumVisualStudioVersion = 10.0.40219.1
Project("{FAE04EC0-301F-11D3-BF4B-00C04F79EFBC}") = "papu", "papu.csproj", "{CA2AE82F-651B-A7DD-D133-8308D8B1B0B1}"
EndProject
Global
	GlobalSection(SolutionConfigurationPlatforms) = preSolution
		Debug|Any CPU = Debug|Any CPU
		Release|Any CPU = Release|Any CPU
	EndGlobalSection
	GlobalSection(ProjectConfigurationPlatforms) = postSolution
		{CA2AE82F-651B-A7DD-D133-8308D8B1B0B1}.Debug|Any CPU.ActiveCfg = Debug|Any CPU
		{CA2AE82F-651B-A7DD-D133-8308D8B1B0B1}.Debug|Any CPU.Build.0 = Debug|Any CPU
		{CA2AE82F-651B-A7DD-D133-8308D8B1B0B1}.Release|Any CPU.ActiveCfg = Release|Any CPU
		{CA2AE82F-651B-A7DD-D133-8308D8B1B0B1}.Release|Any CPU.Build.0 = Release|Any CPU
	EndGlobalSection
	GlobalSection(SolutionProperties) = preSolution
		HideSolutionNode = FALSE
	EndGlobalSection
	GlobalSection(ExtensibilityGlobals) = postSolution
		SolutionGuid = {DEDBC31F-8DD3-475C-95C3-D32D3F4D50B1}
	EndGlobalSection
EndGlobal
